{
  "name": "react-option-charts",
  "version": "0.0.6",
  "lockfileVersion": 2,
  "requires": true,
  "packages": {
    "": {
      "name": "react-option-charts",
      "version": "0.0.6",
      "license": "MIT",
      "dependencies": {
        "black-scholes": "^1.1.0",
        "react-financial-charts": "^1.3.2"
      },
      "devDependencies": {
        "@types/d3-shape": "^3.0.2",
        "@types/react": "^17.0.38",
        "typescript": "^4.5.4"
      }
    },
    "node_modules/@react-financial-charts/annotations": {
      "version": "1.3.1",
      "resolved": "https://registry.npmjs.org/@react-financial-charts/annotations/-/annotations-1.3.1.tgz",
      "integrity": "sha512-Fv3vbQM0plGP4rKFO+YQrDJlHhw0yuwiNOpS0xGfL5zgvOboL/nN/99ScV1JE5TxMHl9wrKBRarfql6UOcoJ5w==",
      "dependencies": {
        "@react-financial-charts/core": "^1.3.1",
        "@types/d3-scale": "^3.2.2",
        "prop-types": "^15.7.2"
      },
      "peerDependencies": {
        "react": "^16.0.0 || ^17.0.0",
        "react-dom": "^16.0.0 || ^17.0.0"
      }
    },
    "node_modules/@react-financial-charts/axes": {
      "version": "1.3.1",
      "resolved": "https://registry.npmjs.org/@react-financial-charts/axes/-/axes-1.3.1.tgz",
      "integrity": "sha512-BJZHKOYJn4UDcAeCIBLagQJcaKgPgKMj5wQ82NCCluBexLpfsBr7Sd5jvsQSRUlXEC7qlY90dbprJ88oYHzhCg==",
      "dependencies": {
        "@react-financial-charts/core": "^1.3.1",
        "@types/d3-scale": "^3.2.2",
        "d3-array": "^2.9.1",
        "d3-force": "^2.1.1",
        "d3-scale": "^3.2.3",
        "d3-selection": "^2.0.0"
      },
      "peerDependencies": {
        "react": "^16.0.0 || ^17.0.0",
        "react-dom": "^16.0.0 || ^17.0.0"
      }
    },
    "node_modules/@react-financial-charts/coordinates": {
      "version": "1.3.1",
      "resolved": "https://registry.npmjs.org/@react-financial-charts/coordinates/-/coordinates-1.3.1.tgz",
      "integrity": "sha512-cDexGGWlbV8l9DTNEB//x8puQiy73uAoDO5o2ud1lVaZh02gl6NPny574p5vYt4niBm7jInM9ug6v93aCuSxGA==",
      "dependencies": {
        "@react-financial-charts/core": "^1.3.1",
        "d3-format": "^2.0.0",
        "prop-types": "^15.7.2"
      },
      "peerDependencies": {
        "react": "^16.0.0 || ^17.0.0",
        "react-dom": "^16.0.0 || ^17.0.0"
      }
    },
    "node_modules/@react-financial-charts/core": {
      "version": "1.3.1",
      "resolved": "https://registry.npmjs.org/@react-financial-charts/core/-/core-1.3.1.tgz",
      "integrity": "sha512-PDCnEVwb+gxOFGe76bBac39c5YS3gjmOICwn0MD3d7e2aQfk/b89XatcV3F+gRHeW89pctyBoTthXnl7P2RoZQ==",
      "dependencies": {
        "@types/d3-scale": "^3.2.2",
        "d3-array": "^2.9.1",
        "d3-scale": "^3.2.3",
        "d3-selection": "^2.0.0",
        "lodash.flattendeep": "^4.4.0",
        "prop-types": "^15.7.2"
      },
      "peerDependencies": {
        "react": "^16.0.0 || ^17.0.0",
        "react-dom": "^16.0.0 || ^17.0.0"
      }
    },
    "node_modules/@react-financial-charts/indicators": {
      "version": "1.3.0",
      "resolved": "https://registry.npmjs.org/@react-financial-charts/indicators/-/indicators-1.3.0.tgz",
      "integrity": "sha512-k+K3fDlwUGNZMybpKhBPS89cscfrEJT8J6ZwsI88H1knZNy4dBQnkHxAudJEbL2nkvTVlW/jdjLXIOKDVBFbXg==",
      "dependencies": {
        "d3-array": "^2.9.1",
        "d3-scale": "^3.2.3"
      },
      "peerDependencies": {
        "react": "^16.0.0 || ^17.0.0",
        "react-dom": "^16.0.0 || ^17.0.0"
      }
    },
    "node_modules/@react-financial-charts/interactive": {
      "version": "1.3.1",
      "resolved": "https://registry.npmjs.org/@react-financial-charts/interactive/-/interactive-1.3.1.tgz",
      "integrity": "sha512-AH8Zhnq0Wwk7qO9ZHrcJ1WrwksFLfqGK5fNDTU7nlYQJUQpBgL4UhQNicMcYobJRzT4F1famAx7eGDcMbdHBtg==",
      "dependencies": {
        "@react-financial-charts/coordinates": "^1.3.1",
        "@react-financial-charts/core": "^1.3.1",
        "d3-array": "^2.9.1",
        "d3-format": "^2.0.0",
        "d3-interpolate": "^2.0.1",
        "d3-path": "^2.0.0",
        "prop-types": "^15.7.2"
      },
      "peerDependencies": {
        "react": "^16.0.0 || ^17.0.0",
        "react-dom": "^16.0.0 || ^17.0.0"
      }
    },
    "node_modules/@react-financial-charts/scales": {
      "version": "1.3.1",
      "resolved": "https://registry.npmjs.org/@react-financial-charts/scales/-/scales-1.3.1.tgz",
      "integrity": "sha512-ab+d2I8biIF0NL6RCc8BX2hQKsGtMU4+w/kRb1qoxif/uImYkFdQ7li4IfT6S9gZGhIcYnkb82eFQ3c/HPrLKw==",
      "dependencies": {
        "@react-financial-charts/core": "^1.3.1",
        "d3-array": "^2.9.1",
        "d3-scale": "^3.2.3",
        "d3-time-format": "^3.0.0"
      },
      "peerDependencies": {
        "react": "^16.0.0 || ^17.0.0",
        "react-dom": "^16.0.0 || ^17.0.0"
      }
    },
    "node_modules/@react-financial-charts/series": {
      "version": "1.3.2",
      "resolved": "https://registry.npmjs.org/@react-financial-charts/series/-/series-1.3.2.tgz",
      "integrity": "sha512-WVr5D2ewKe5eECK17Uz68mpHoq366W+bcjMtgMciBCRcP0YTNlpSEBJBGY2tHtlsZJmxX7aJ/btReHoveQD3sw==",
      "dependencies": {
        "@react-financial-charts/core": "^1.3.1",
        "@types/d3-scale": "^3.2.2",
        "d3-array": "^2.9.1",
        "d3-scale": "^3.2.3",
        "d3-shape": "^2.0.0"
      },
      "peerDependencies": {
        "react": "^16.0.0 || ^17.0.0",
        "react-dom": "^16.0.0 || ^17.0.0"
      }
    },
    "node_modules/@react-financial-charts/tooltip": {
      "version": "1.3.1",
      "resolved": "https://registry.npmjs.org/@react-financial-charts/tooltip/-/tooltip-1.3.1.tgz",
      "integrity": "sha512-rmSX+zungxRfC58SFU1aeWNXShrQRAhjNYmsrBW94pkq4/fCVG6sy9ccqBaSdDc3pePXL15aMqfF2OpxFTyegA==",
      "dependencies": {
        "@react-financial-charts/core": "^1.3.1",
        "d3-array": "^2.9.1",
        "d3-format": "^2.0.0",
        "d3-time-format": "^3.0.0",
        "prop-types": "^15.7.2"
      },
      "peerDependencies": {
        "react": "^16.0.0 || ^17.0.0",
        "react-dom": "^16.0.0 || ^17.0.0"
      }
    },
    "node_modules/@react-financial-charts/utils": {
      "version": "1.3.0",
      "resolved": "https://registry.npmjs.org/@react-financial-charts/utils/-/utils-1.3.0.tgz",
      "integrity": "sha512-BXemTnjRtR9QgRzZ/no6eRC56Fp+mheK9t76QERkp0m98n3xI2IdMo2FHDFKvbh/dexJ7vfQP+iZXqrQJDwM9A==",
      "dependencies": {
        "@types/react-virtualized-auto-sizer": "^1.0.0",
        "react-virtualized-auto-sizer": "^1.0.4"
      },
      "peerDependencies": {
        "react": "^16.0.0 || ^17.0.0",
        "react-dom": "^16.0.0 || ^17.0.0"
      }
    },
    "node_modules/@types/d3-path": {
      "version": "3.0.0",
      "resolved": "https://registry.npmjs.org/@types/d3-path/-/d3-path-3.0.0.tgz",
      "integrity": "sha512-0g/A+mZXgFkQxN3HniRDbXMN79K3CdTpLsevj+PXiTcb2hVyvkZUBg37StmgCQkaD84cUJ4uaDAWq7UJOQy2Tg==",
      "dev": true
    },
    "node_modules/@types/d3-scale": {
      "version": "3.3.2",
      "resolved": "https://registry.npmjs.org/@types/d3-scale/-/d3-scale-3.3.2.tgz",
      "integrity": "sha512-gGqr7x1ost9px3FvIfUMi5XA/F/yAf4UkUDtdQhpH92XCT0Oa7zkkRzY61gPVJq+DxpHn/btouw5ohWkbBsCzQ==",
      "dependencies": {
        "@types/d3-time": "^2"
      }
    },
    "node_modules/@types/d3-shape": {
      "version": "3.0.2",
      "resolved": "https://registry.npmjs.org/@types/d3-shape/-/d3-shape-3.0.2.tgz",
      "integrity": "sha512-5+ButCmIfNX8id5seZ7jKj3igdcxx+S9IDBiT35fQGTLZUfkFgTv+oBH34xgeoWDKpWcMITSzBILWQtBoN5Piw==",
      "dev": true,
      "dependencies": {
        "@types/d3-path": "*"
      }
    },
    "node_modules/@types/d3-time": {
      "version": "2.1.1",
      "resolved": "https://registry.npmjs.org/@types/d3-time/-/d3-time-2.1.1.tgz",
      "integrity": "sha512-9MVYlmIgmRR31C5b4FVSWtuMmBHh2mOWQYfl7XAYOa8dsnb7iEmUmRSWSFgXFtkjxO65d7hTUHQC+RhR/9IWFg=="
    },
    "node_modules/@types/prop-types": {
      "version": "15.7.4",
      "resolved": "https://registry.npmjs.org/@types/prop-types/-/prop-types-15.7.4.tgz",
      "integrity": "sha512-rZ5drC/jWjrArrS8BR6SIr4cWpW09RNTYt9AMZo3Jwwif+iacXAqgVjm0B0Bv/S1jhDXKHqRVNCbACkJ89RAnQ=="
    },
    "node_modules/@types/react": {
      "version": "17.0.38",
      "resolved": "https://registry.npmjs.org/@types/react/-/react-17.0.38.tgz",
      "integrity": "sha512-SI92X1IA+FMnP3qM5m4QReluXzhcmovhZnLNm3pyeQlooi02qI7sLiepEYqT678uNiyc25XfCqxREFpy3W7YhQ==",
      "dependencies": {
        "@types/prop-types": "*",
        "@types/scheduler": "*",
        "csstype": "^3.0.2"
      }
    },
    "node_modules/@types/react-virtualized-auto-sizer": {
      "version": "1.0.1",
      "resolved": "https://registry.npmjs.org/@types/react-virtualized-auto-sizer/-/react-virtualized-auto-sizer-1.0.1.tgz",
      "integrity": "sha512-GH8sAnBEM5GV9LTeiz56r4ZhMOUSrP43tAQNSRVxNexDjcNKLCEtnxusAItg1owFUFE6k0NslV26gqVClVvong==",
      "dependencies": {
        "@types/react": "*"
      }
    },
    "node_modules/@types/scheduler": {
      "version": "0.16.2",
      "resolved": "https://registry.npmjs.org/@types/scheduler/-/scheduler-0.16.2.tgz",
      "integrity": "sha512-hppQEBDmlwhFAXKJX2KnWLYu5yMfi91yazPb2l+lbJiwW+wdo1gNeRA+3RgNSO39WYX2euey41KEwnqesU2Jew=="
    },
    "node_modules/black-scholes": {
      "version": "1.1.0",
      "resolved": "https://registry.npmjs.org/black-scholes/-/black-scholes-1.1.0.tgz",
      "integrity": "sha1-Lbd8+vSP+drg1dA2k66wLvIvmwk="
    },
    "node_modules/csstype": {
      "version": "3.0.10",
      "resolved": "https://registry.npmjs.org/csstype/-/csstype-3.0.10.tgz",
      "integrity": "sha512-2u44ZG2OcNUO9HDp/Jl8C07x6pU/eTR3ncV91SiK3dhG9TWvRVsCoJw14Ckx5DgWkzGA3waZWO3d7pgqpUI/XA=="
    },
    "node_modules/d3-array": {
      "version": "2.12.1",
      "resolved": "https://registry.npmjs.org/d3-array/-/d3-array-2.12.1.tgz",
      "integrity": "sha512-B0ErZK/66mHtEsR1TkPEEkwdy+WDesimkM5gpZr5Dsg54BiTA5RXtYW5qTLIAcekaS9xfZrzBLF/OAkB3Qn1YQ==",
      "dependencies": {
        "internmap": "^1.0.0"
      }
    },
    "node_modules/d3-color": {
      "version": "2.0.0",
      "resolved": "https://registry.npmjs.org/d3-color/-/d3-color-2.0.0.tgz",
      "integrity": "sha512-SPXi0TSKPD4g9tw0NMZFnR95XVgUZiBH+uUTqQuDu1OsE2zomHU7ho0FISciaPvosimixwHFl3WHLGabv6dDgQ=="
    },
    "node_modules/d3-dispatch": {
      "version": "2.0.0",
      "resolved": "https://registry.npmjs.org/d3-dispatch/-/d3-dispatch-2.0.0.tgz",
      "integrity": "sha512-S/m2VsXI7gAti2pBoLClFFTMOO1HTtT0j99AuXLoGFKO6deHDdnv6ZGTxSTTUTgO1zVcv82fCOtDjYK4EECmWA=="
    },
    "node_modules/d3-force": {
      "version": "2.1.1",
      "resolved": "https://registry.npmjs.org/d3-force/-/d3-force-2.1.1.tgz",
      "integrity": "sha512-nAuHEzBqMvpFVMf9OX75d00OxvOXdxY+xECIXjW6Gv8BRrXu6gAWbv/9XKrvfJ5i5DCokDW7RYE50LRoK092ew==",
      "dependencies": {
        "d3-dispatch": "1 - 2",
        "d3-quadtree": "1 - 2",
        "d3-timer": "1 - 2"
      }
    },
    "node_modules/d3-format": {
      "version": "2.0.0",
      "resolved": "https://registry.npmjs.org/d3-format/-/d3-format-2.0.0.tgz",
      "integrity": "sha512-Ab3S6XuE/Q+flY96HXT0jOXcM4EAClYFnRGY5zsjRGNy6qCYrQsMffs7cV5Q9xejb35zxW5hf/guKw34kvIKsA=="
    },
    "node_modules/d3-interpolate": {
      "version": "2.0.1",
      "resolved": "https://registry.npmjs.org/d3-interpolate/-/d3-interpolate-2.0.1.tgz",
      "integrity": "sha512-c5UhwwTs/yybcmTpAVqwSFl6vrQ8JZJoT5F7xNFK9pymv5C0Ymcc9/LIJHtYIggg/yS9YHw8i8O8tgb9pupjeQ==",
      "dependencies": {
        "d3-color": "1 - 2"
      }
    },
    "node_modules/d3-path": {
      "version": "2.0.0",
      "resolved": "https://registry.npmjs.org/d3-path/-/d3-path-2.0.0.tgz",
      "integrity": "sha512-ZwZQxKhBnv9yHaiWd6ZU4x5BtCQ7pXszEV9CU6kRgwIQVQGLMv1oiL4M+MK/n79sYzsj+gcgpPQSctJUsLN7fA=="
    },
    "node_modules/d3-quadtree": {
      "version": "2.0.0",
      "resolved": "https://registry.npmjs.org/d3-quadtree/-/d3-quadtree-2.0.0.tgz",
      "integrity": "sha512-b0Ed2t1UUalJpc3qXzKi+cPGxeXRr4KU9YSlocN74aTzp6R/Ud43t79yLLqxHRWZfsvWXmbDWPpoENK1K539xw=="
    },
    "node_modules/d3-scale": {
      "version": "3.3.0",
      "resolved": "https://registry.npmjs.org/d3-scale/-/d3-scale-3.3.0.tgz",
      "integrity": "sha512-1JGp44NQCt5d1g+Yy+GeOnZP7xHo0ii8zsQp6PGzd+C1/dl0KGsp9A7Mxwp+1D1o4unbTTxVdU/ZOIEBoeZPbQ==",
      "dependencies": {
        "d3-array": "^2.3.0",
        "d3-format": "1 - 2",
        "d3-interpolate": "1.2.0 - 2",
        "d3-time": "^2.1.1",
        "d3-time-format": "2 - 3"
      }
    },
    "node_modules/d3-selection": {
      "version": "2.0.0",
      "resolved": "https://registry.npmjs.org/d3-selection/-/d3-selection-2.0.0.tgz",
      "integrity": "sha512-XoGGqhLUN/W14NmaqcO/bb1nqjDAw5WtSYb2X8wiuQWvSZUsUVYsOSkOybUrNvcBjaywBdYPy03eXHMXjk9nZA=="
    },
    "node_modules/d3-shape": {
      "version": "2.1.0",
      "resolved": "https://registry.npmjs.org/d3-shape/-/d3-shape-2.1.0.tgz",
      "integrity": "sha512-PnjUqfM2PpskbSLTJvAzp2Wv4CZsnAgTfcVRTwW03QR3MkXF8Uo7B1y/lWkAsmbKwuecto++4NlsYcvYpXpTHA==",
      "dependencies": {
        "d3-path": "1 - 2"
      }
    },
    "node_modules/d3-time": {
      "version": "2.1.1",
      "resolved": "https://registry.npmjs.org/d3-time/-/d3-time-2.1.1.tgz",
      "integrity": "sha512-/eIQe/eR4kCQwq7yxi7z4c6qEXf2IYGcjoWB5OOQy4Tq9Uv39/947qlDcN2TLkiTzQWzvnsuYPB9TrWaNfipKQ==",
      "dependencies": {
        "d3-array": "2"
      }
    },
    "node_modules/d3-time-format": {
      "version": "3.0.0",
      "resolved": "https://registry.npmjs.org/d3-time-format/-/d3-time-format-3.0.0.tgz",
      "integrity": "sha512-UXJh6EKsHBTjopVqZBhFysQcoXSv/5yLONZvkQ5Kk3qbwiUYkdX17Xa1PT6U1ZWXGGfB1ey5L8dKMlFq2DO0Ag==",
      "dependencies": {
        "d3-time": "1 - 2"
      }
    },
    "node_modules/d3-timer": {
      "version": "2.0.0",
      "resolved": "https://registry.npmjs.org/d3-timer/-/d3-timer-2.0.0.tgz",
      "integrity": "sha512-TO4VLh0/420Y/9dO3+f9abDEFYeCUr2WZRlxJvbp4HPTQcSylXNiL6yZa9FIUvV1yRiFufl1bszTCLDqv9PWNA=="
    },
    "node_modules/internmap": {
      "version": "1.0.1",
      "resolved": "https://registry.npmjs.org/internmap/-/internmap-1.0.1.tgz",
      "integrity": "sha512-lDB5YccMydFBtasVtxnZ3MRBHuaoE8GKsppq+EchKL2U4nK/DmEpPHNH8MZe5HkMtpSiTSOZwfN0tzYjO/lJEw=="
    },
    "node_modules/js-tokens": {
      "version": "4.0.0",
      "resolved": "https://registry.npmjs.org/js-tokens/-/js-tokens-4.0.0.tgz",
      "integrity": "sha512-RdJUflcE3cUzKiMqQgsCu06FPu9UdIJO0beYbPhHN4k6apgJtifcoCtT9bcxOpYBtpD2kCM6Sbzg4CausW/PKQ=="
    },
    "node_modules/lodash.flattendeep": {
      "version": "4.4.0",
      "resolved": "https://registry.npmjs.org/lodash.flattendeep/-/lodash.flattendeep-4.4.0.tgz",
      "integrity": "sha1-+wMJF/hqMTTlvJvsDWngAT3f7bI="
    },
    "node_modules/loose-envify": {
      "version": "1.4.0",
      "resolved": "https://registry.npmjs.org/loose-envify/-/loose-envify-1.4.0.tgz",
      "integrity": "sha512-lyuxPGr/Wfhrlem2CL/UcnUc1zcqKAImBDzukY7Y5F/yQiNdko6+fRLevlw1HgMySw7f611UIY408EtxRSoK3Q==",
      "dependencies": {
        "js-tokens": "^3.0.0 || ^4.0.0"
      },
      "bin": {
        "loose-envify": "cli.js"
      }
    },
    "node_modules/object-assign": {
      "version": "4.1.1",
      "resolved": "https://registry.npmjs.org/object-assign/-/object-assign-4.1.1.tgz",
      "integrity": "sha1-IQmtx5ZYh8/AXLvUQsrIv7s2CGM=",
      "engines": {
        "node": ">=0.10.0"
      }
    },
    "node_modules/prop-types": {
      "version": "15.8.1",
      "resolved": "https://registry.npmjs.org/prop-types/-/prop-types-15.8.1.tgz",
      "integrity": "sha512-oj87CgZICdulUohogVAR7AjlC0327U4el4L6eAvOqCeudMDVU0NThNaV+b9Df4dXgSP1gXMTnPdhfe/2qDH5cg==",
      "dependencies": {
        "loose-envify": "^1.4.0",
        "object-assign": "^4.1.1",
        "react-is": "^16.13.1"
      }
    },
    "node_modules/react": {
      "version": "17.0.2",
      "resolved": "https://registry.npmjs.org/react/-/react-17.0.2.tgz",
      "integrity": "sha512-gnhPt75i/dq/z3/6q/0asP78D0u592D5L1pd7M8P+dck6Fu/jJeL6iVVK23fptSUZj8Vjf++7wXA8UNclGQcbA==",
      "peer": true,
      "dependencies": {
        "loose-envify": "^1.1.0",
        "object-assign": "^4.1.1"
      },
      "engines": {
        "node": ">=0.10.0"
      }
    },
    "node_modules/react-dom": {
      "version": "17.0.2",
      "resolved": "https://registry.npmjs.org/react-dom/-/react-dom-17.0.2.tgz",
      "integrity": "sha512-s4h96KtLDUQlsENhMn1ar8t2bEa+q/YAtj8pPPdIjPDGBDIVNsrD9aXNWqspUe6AzKCIG0C1HZZLqLV7qpOBGA==",
      "peer": true,
      "dependencies": {
        "loose-envify": "^1.1.0",
        "object-assign": "^4.1.1",
        "scheduler": "^0.20.2"
      },
      "peerDependencies": {
        "react": "17.0.2"
      }
    },
    "node_modules/react-financial-charts": {
      "version": "1.3.2",
      "resolved": "https://registry.npmjs.org/react-financial-charts/-/react-financial-charts-1.3.2.tgz",
      "integrity": "sha512-gBPdasfCI0H8fV3vij7zTkQME/uOz3V9AOKTO3il4V/w8emA8fc6TuCHG4ZHZF5fcw3sBs71qeeCzpJsxbgfnw==",
      "dependencies": {
        "@react-financial-charts/annotations": "^1.3.1",
        "@react-financial-charts/axes": "^1.3.1",
        "@react-financial-charts/coordinates": "^1.3.1",
        "@react-financial-charts/core": "^1.3.1",
        "@react-financial-charts/indicators": "^1.3.0",
        "@react-financial-charts/interactive": "^1.3.1",
        "@react-financial-charts/scales": "^1.3.1",
        "@react-financial-charts/series": "^1.3.2",
        "@react-financial-charts/tooltip": "^1.3.1",
        "@react-financial-charts/utils": "^1.3.0"
      },
      "peerDependencies": {
        "react": "^16.0.0 || ^17.0.0",
        "react-dom": "^16.0.0 || ^17.0.0"
      }
    },
    "node_modules/react-is": {
      "version": "16.13.1",
      "resolved": "https://registry.npmjs.org/react-is/-/react-is-16.13.1.tgz",
      "integrity": "sha512-24e6ynE2H+OKt4kqsOvNd8kBpV65zoxbA4BVsEOB3ARVWQki/DHzaUoC5KuON/BiccDaCCTZBuOcfZs70kR8bQ=="
    },
    "node_modules/react-virtualized-auto-sizer": {
      "version": "1.0.6",
      "resolved": "https://registry.npmjs.org/react-virtualized-auto-sizer/-/react-virtualized-auto-sizer-1.0.6.tgz",
      "integrity": "sha512-7tQ0BmZqfVF6YYEWcIGuoR3OdYe8I/ZFbNclFlGOC3pMqunkYF/oL30NCjSGl9sMEb17AnzixDz98Kqc3N76HQ==",
      "engines": {
        "node": ">8.0.0"
      },
      "peerDependencies": {
        "react": "^15.3.0 || ^16.0.0-alpha || ^17.0.0",
        "react-dom": "^15.3.0 || ^16.0.0-alpha || ^17.0.0"
      }
    },
    "node_modules/scheduler": {
      "version": "0.20.2",
      "resolved": "https://registry.npmjs.org/scheduler/-/scheduler-0.20.2.tgz",
      "integrity": "sha512-2eWfGgAqqWFGqtdMmcL5zCMK1U8KlXv8SQFGglL3CEtd0aDVDWgeF/YoCmvln55m5zSk3J/20hTaSBeSObsQDQ==",
      "peer": true,
      "dependencies": {
        "loose-envify": "^1.1.0",
        "object-assign": "^4.1.1"
      }
    },
    "node_modules/typescript": {
      "version": "4.5.4",
      "resolved": "https://registry.npmjs.org/typescript/-/typescript-4.5.4.tgz",
      "integrity": "sha512-VgYs2A2QIRuGphtzFV7aQJduJ2gyfTljngLzjpfW9FoYZF6xuw1W0vW9ghCKLfcWrCFxK81CSGRAvS1pn4fIUg==",
      "dev": true,
      "bin": {
        "tsc": "bin/tsc",
        "tsserver": "bin/tsserver"
      },
      "engines": {
        "node": ">=4.2.0"
      }
    }
  },
  "dependencies": {
    "@react-financial-charts/annotations": {
      "version": "1.3.1",
      "resolved": "https://registry.npmjs.org/@react-financial-charts/annotations/-/annotations-1.3.1.tgz",
      "integrity": "sha512-Fv3vbQM0plGP4rKFO+YQrDJlHhw0yuwiNOpS0xGfL5zgvOboL/nN/99ScV1JE5TxMHl9wrKBRarfql6UOcoJ5w==",
      "requires": {
        "@react-financial-charts/core": "^1.3.1",
        "@types/d3-scale": "^3.2.2",
        "prop-types": "^15.7.2"
      }
    },
    "@react-financial-charts/axes": {
      "version": "1.3.1",
      "resolved": "https://registry.npmjs.org/@react-financial-charts/axes/-/axes-1.3.1.tgz",
      "integrity": "sha512-BJZHKOYJn4UDcAeCIBLagQJcaKgPgKMj5wQ82NCCluBexLpfsBr7Sd5jvsQSRUlXEC7qlY90dbprJ88oYHzhCg==",
      "requires": {
        "@react-financial-charts/core": "^1.3.1",
        "@types/d3-scale": "^3.2.2",
        "d3-array": "^2.9.1",
        "d3-force": "^2.1.1",
        "d3-scale": "^3.2.3",
        "d3-selection": "^2.0.0"
      }
    },
    "@react-financial-charts/coordinates": {
      "version": "1.3.1",
      "resolved": "https://registry.npmjs.org/@react-financial-charts/coordinates/-/coordinates-1.3.1.tgz",
      "integrity": "sha512-cDexGGWlbV8l9DTNEB//x8puQiy73uAoDO5o2ud1lVaZh02gl6NPny574p5vYt4niBm7jInM9ug6v93aCuSxGA==",
      "requires": {
        "@react-financial-charts/core": "^1.3.1",
        "d3-format": "^2.0.0",
        "prop-types": "^15.7.2"
      }
    },
    "@react-financial-charts/core": {
      "version": "1.3.1",
      "resolved": "https://registry.npmjs.org/@react-financial-charts/core/-/core-1.3.1.tgz",
      "integrity": "sha512-PDCnEVwb+gxOFGe76bBac39c5YS3gjmOICwn0MD3d7e2aQfk/b89XatcV3F+gRHeW89pctyBoTthXnl7P2RoZQ==",
      "requires": {
        "@types/d3-scale": "^3.2.2",
        "d3-array": "^2.9.1",
        "d3-scale": "^3.2.3",
        "d3-selection": "^2.0.0",
        "lodash.flattendeep": "^4.4.0",
        "prop-types": "^15.7.2"
      }
    },
    "@react-financial-charts/indicators": {
      "version": "1.3.0",
      "resolved": "https://registry.npmjs.org/@react-financial-charts/indicators/-/indicators-1.3.0.tgz",
      "integrity": "sha512-k+K3fDlwUGNZMybpKhBPS89cscfrEJT8J6ZwsI88H1knZNy4dBQnkHxAudJEbL2nkvTVlW/jdjLXIOKDVBFbXg==",
      "requires": {
        "d3-array": "^2.9.1",
        "d3-scale": "^3.2.3"
      }
    },
    "@react-financial-charts/interactive": {
      "version": "1.3.1",
      "resolved": "https://registry.npmjs.org/@react-financial-charts/interactive/-/interactive-1.3.1.tgz",
      "integrity": "sha512-AH8Zhnq0Wwk7qO9ZHrcJ1WrwksFLfqGK5fNDTU7nlYQJUQpBgL4UhQNicMcYobJRzT4F1famAx7eGDcMbdHBtg==",
      "requires": {
        "@react-financial-charts/coordinates": "^1.3.1",
        "@react-financial-charts/core": "^1.3.1",
        "d3-array": "^2.9.1",
        "d3-format": "^2.0.0",
        "d3-interpolate": "^2.0.1",
        "d3-path": "^2.0.0",
        "prop-types": "^15.7.2"
      }
    },
    "@react-financial-charts/scales": {
      "version": "1.3.1",
      "resolved": "https://registry.npmjs.org/@react-financial-charts/scales/-/scales-1.3.1.tgz",
      "integrity": "sha512-ab+d2I8biIF0NL6RCc8BX2hQKsGtMU4+w/kRb1qoxif/uImYkFdQ7li4IfT6S9gZGhIcYnkb82eFQ3c/HPrLKw==",
      "requires": {
        "@react-financial-charts/core": "^1.3.1",
        "d3-array": "^2.9.1",
        "d3-scale": "^3.2.3",
        "d3-time-format": "^3.0.0"
      }
    },
    "@react-financial-charts/series": {
      "version": "1.3.2",
      "resolved": "https://registry.npmjs.org/@react-financial-charts/series/-/series-1.3.2.tgz",
      "integrity": "sha512-WVr5D2ewKe5eECK17Uz68mpHoq366W+bcjMtgMciBCRcP0YTNlpSEBJBGY2tHtlsZJmxX7aJ/btReHoveQD3sw==",
      "requires": {
        "@react-financial-charts/core": "^1.3.1",
        "@types/d3-scale": "^3.2.2",
        "d3-array": "^2.9.1",
        "d3-scale": "^3.2.3",
        "d3-shape": "^2.0.0"
      }
    },
    "@react-financial-charts/tooltip": {
      "version": "1.3.1",
      "resolved": "https://registry.npmjs.org/@react-financial-charts/tooltip/-/tooltip-1.3.1.tgz",
      "integrity": "sha512-rmSX+zungxRfC58SFU1aeWNXShrQRAhjNYmsrBW94pkq4/fCVG6sy9ccqBaSdDc3pePXL15aMqfF2OpxFTyegA==",
      "requires": {
        "@react-financial-charts/core": "^1.3.1",
        "d3-array": "^2.9.1",
        "d3-format": "^2.0.0",
        "d3-time-format": "^3.0.0",
        "prop-types": "^15.7.2"
      }
    },
    "@react-financial-charts/utils": {
      "version": "1.3.0",
      "resolved": "https://registry.npmjs.org/@react-financial-charts/utils/-/utils-1.3.0.tgz",
      "integrity": "sha512-BXemTnjRtR9QgRzZ/no6eRC56Fp+mheK9t76QERkp0m98n3xI2IdMo2FHDFKvbh/dexJ7vfQP+iZXqrQJDwM9A==",
      "requires": {
        "@types/react-virtualized-auto-sizer": "^1.0.0",
        "react-virtualized-auto-sizer": "^1.0.4"
      }
    },
    "@types/d3-path": {
      "version": "3.0.0",
      "resolved": "https://registry.npmjs.org/@types/d3-path/-/d3-path-3.0.0.tgz",
      "integrity": "sha512-0g/A+mZXgFkQxN3HniRDbXMN79K3CdTpLsevj+PXiTcb2hVyvkZUBg37StmgCQkaD84cUJ4uaDAWq7UJOQy2Tg==",
      "dev": true
    },
    "@types/d3-scale": {
      "version": "3.3.2",
      "resolved": "https://registry.npmjs.org/@types/d3-scale/-/d3-scale-3.3.2.tgz",
      "integrity": "sha512-gGqr7x1ost9px3FvIfUMi5XA/F/yAf4UkUDtdQhpH92XCT0Oa7zkkRzY61gPVJq+DxpHn/btouw5ohWkbBsCzQ==",
      "requires": {
        "@types/d3-time": "^2"
      }
    },
    "@types/d3-shape": {
      "version": "3.0.2",
      "resolved": "https://registry.npmjs.org/@types/d3-shape/-/d3-shape-3.0.2.tgz",
      "integrity": "sha512-5+ButCmIfNX8id5seZ7jKj3igdcxx+S9IDBiT35fQGTLZUfkFgTv+oBH34xgeoWDKpWcMITSzBILWQtBoN5Piw==",
      "dev": true,
      "requires": {
        "@types/d3-path": "*"
      }
    },
    "@types/d3-time": {
      "version": "2.1.1",
      "resolved": "https://registry.npmjs.org/@types/d3-time/-/d3-time-2.1.1.tgz",
      "integrity": "sha512-9MVYlmIgmRR31C5b4FVSWtuMmBHh2mOWQYfl7XAYOa8dsnb7iEmUmRSWSFgXFtkjxO65d7hTUHQC+RhR/9IWFg=="
    },
    "@types/prop-types": {
      "version": "15.7.4",
      "resolved": "https://registry.npmjs.org/@types/prop-types/-/prop-types-15.7.4.tgz",
      "integrity": "sha512-rZ5drC/jWjrArrS8BR6SIr4cWpW09RNTYt9AMZo3Jwwif+iacXAqgVjm0B0Bv/S1jhDXKHqRVNCbACkJ89RAnQ=="
    },
    "@types/react": {
      "version": "17.0.38",
      "resolved": "https://registry.npmjs.org/@types/react/-/react-17.0.38.tgz",
      "integrity": "sha512-SI92X1IA+FMnP3qM5m4QReluXzhcmovhZnLNm3pyeQlooi02qI7sLiepEYqT678uNiyc25XfCqxREFpy3W7YhQ==",
      "requires": {
        "@types/prop-types": "*",
        "@types/scheduler": "*",
        "csstype": "^3.0.2"
      }
    },
    "@types/react-virtualized-auto-sizer": {
      "version": "1.0.1",
      "resolved": "https://registry.npmjs.org/@types/react-virtualized-auto-sizer/-/react-virtualized-auto-sizer-1.0.1.tgz",
      "integrity": "sha512-GH8sAnBEM5GV9LTeiz56r4ZhMOUSrP43tAQNSRVxNexDjcNKLCEtnxusAItg1owFUFE6k0NslV26gqVClVvong==",
      "requires": {
        "@types/react": "*"
      }
    },
    "@types/scheduler": {
      "version": "0.16.2",
      "resolved": "https://registry.npmjs.org/@types/scheduler/-/scheduler-0.16.2.tgz",
      "integrity": "sha512-hppQEBDmlwhFAXKJX2KnWLYu5yMfi91yazPb2l+lbJiwW+wdo1gNeRA+3RgNSO39WYX2euey41KEwnqesU2Jew=="
    },
    "black-scholes": {
      "version": "1.1.0",
      "resolved": "https://registry.npmjs.org/black-scholes/-/black-scholes-1.1.0.tgz",
      "integrity": "sha1-Lbd8+vSP+drg1dA2k66wLvIvmwk="
    },
    "csstype": {
      "version": "3.0.10",
      "resolved": "https://registry.npmjs.org/csstype/-/csstype-3.0.10.tgz",
      "integrity": "sha512-2u44ZG2OcNUO9HDp/Jl8C07x6pU/eTR3ncV91SiK3dhG9TWvRVsCoJw14Ckx5DgWkzGA3waZWO3d7pgqpUI/XA=="
    },
    "d3-array": {
      "version": "2.12.1",
      "resolved": "https://registry.npmjs.org/d3-array/-/d3-array-2.12.1.tgz",
      "integrity": "sha512-B0ErZK/66mHtEsR1TkPEEkwdy+WDesimkM5gpZr5Dsg54BiTA5RXtYW5qTLIAcekaS9xfZrzBLF/OAkB3Qn1YQ==",
      "requires": {
        "internmap": "^1.0.0"
      }
    },
    "d3-color": {
      "version": "2.0.0",
      "resolved": "https://registry.npmjs.org/d3-color/-/d3-color-2.0.0.tgz",
      "integrity": "sha512-SPXi0TSKPD4g9tw0NMZFnR95XVgUZiBH+uUTqQuDu1OsE2zomHU7ho0FISciaPvosimixwHFl3WHLGabv6dDgQ=="
    },
    "d3-dispatch": {
      "version": "2.0.0",
      "resolved": "https://registry.npmjs.org/d3-dispatch/-/d3-dispatch-2.0.0.tgz",
      "integrity": "sha512-S/m2VsXI7gAti2pBoLClFFTMOO1HTtT0j99AuXLoGFKO6deHDdnv6ZGTxSTTUTgO1zVcv82fCOtDjYK4EECmWA=="
    },
    "d3-force": {
      "version": "2.1.1",
      "resolved": "https://registry.npmjs.org/d3-force/-/d3-force-2.1.1.tgz",
      "integrity": "sha512-nAuHEzBqMvpFVMf9OX75d00OxvOXdxY+xECIXjW6Gv8BRrXu6gAWbv/9XKrvfJ5i5DCokDW7RYE50LRoK092ew==",
      "requires": {
        "d3-dispatch": "1 - 2",
        "d3-quadtree": "1 - 2",
        "d3-timer": "1 - 2"
      }
    },
    "d3-format": {
      "version": "2.0.0",
      "resolved": "https://registry.npmjs.org/d3-format/-/d3-format-2.0.0.tgz",
      "integrity": "sha512-Ab3S6XuE/Q+flY96HXT0jOXcM4EAClYFnRGY5zsjRGNy6qCYrQsMffs7cV5Q9xejb35zxW5hf/guKw34kvIKsA=="
    },
    "d3-interpolate": {
      "version": "2.0.1",
      "resolved": "https://registry.npmjs.org/d3-interpolate/-/d3-interpolate-2.0.1.tgz",
      "integrity": "sha512-c5UhwwTs/yybcmTpAVqwSFl6vrQ8JZJoT5F7xNFK9pymv5C0Ymcc9/LIJHtYIggg/yS9YHw8i8O8tgb9pupjeQ==",
      "requires": {
        "d3-color": "1 - 2"
      }
    },
    "d3-path": {
      "version": "2.0.0",
      "resolved": "https://registry.npmjs.org/d3-path/-/d3-path-2.0.0.tgz",
      "integrity": "sha512-ZwZQxKhBnv9yHaiWd6ZU4x5BtCQ7pXszEV9CU6kRgwIQVQGLMv1oiL4M+MK/n79sYzsj+gcgpPQSctJUsLN7fA=="
    },
    "d3-quadtree": {
      "version": "2.0.0",
      "resolved": "https://registry.npmjs.org/d3-quadtree/-/d3-quadtree-2.0.0.tgz",
      "integrity": "sha512-b0Ed2t1UUalJpc3qXzKi+cPGxeXRr4KU9YSlocN74aTzp6R/Ud43t79yLLqxHRWZfsvWXmbDWPpoENK1K539xw=="
    },
    "d3-scale": {
      "version": "3.3.0",
      "resolved": "https://registry.npmjs.org/d3-scale/-/d3-scale-3.3.0.tgz",
      "integrity": "sha512-1JGp44NQCt5d1g+Yy+GeOnZP7xHo0ii8zsQp6PGzd+C1/dl0KGsp9A7Mxwp+1D1o4unbTTxVdU/ZOIEBoeZPbQ==",
      "requires": {
        "d3-array": "^2.3.0",
        "d3-format": "1 - 2",
        "d3-interpolate": "1.2.0 - 2",
        "d3-time": "^2.1.1",
        "d3-time-format": "2 - 3"
      }
    },
    "d3-selection": {
      "version": "2.0.0",
      "resolved": "https://registry.npmjs.org/d3-selection/-/d3-selection-2.0.0.tgz",
      "integrity": "sha512-XoGGqhLUN/W14NmaqcO/bb1nqjDAw5WtSYb2X8wiuQWvSZUsUVYsOSkOybUrNvcBjaywBdYPy03eXHMXjk9nZA=="
    },
    "d3-shape": {
      "version": "2.1.0",
      "resolved": "https://registry.npmjs.org/d3-shape/-/d3-shape-2.1.0.tgz",
      "integrity": "sha512-PnjUqfM2PpskbSLTJvAzp2Wv4CZsnAgTfcVRTwW03QR3MkXF8Uo7B1y/lWkAsmbKwuecto++4NlsYcvYpXpTHA==",
      "requires": {
        "d3-path": "1 - 2"
      }
    },
    "d3-time": {
      "version": "2.1.1",
      "resolved": "https://registry.npmjs.org/d3-time/-/d3-time-2.1.1.tgz",
      "integrity": "sha512-/eIQe/eR4kCQwq7yxi7z4c6qEXf2IYGcjoWB5OOQy4Tq9Uv39/947qlDcN2TLkiTzQWzvnsuYPB9TrWaNfipKQ==",
      "requires": {
        "d3-array": "2"
      }
    },
    "d3-time-format": {
      "version": "3.0.0",
      "resolved": "https://registry.npmjs.org/d3-time-format/-/d3-time-format-3.0.0.tgz",
      "integrity": "sha512-UXJh6EKsHBTjopVqZBhFysQcoXSv/5yLONZvkQ5Kk3qbwiUYkdX17Xa1PT6U1ZWXGGfB1ey5L8dKMlFq2DO0Ag==",
      "requires": {
        "d3-time": "1 - 2"
      }
    },
    "d3-timer": {
      "version": "2.0.0",
      "resolved": "https://registry.npmjs.org/d3-timer/-/d3-timer-2.0.0.tgz",
      "integrity": "sha512-TO4VLh0/420Y/9dO3+f9abDEFYeCUr2WZRlxJvbp4HPTQcSylXNiL6yZa9FIUvV1yRiFufl1bszTCLDqv9PWNA=="
    },
    "internmap": {
      "version": "1.0.1",
      "resolved": "https://registry.npmjs.org/internmap/-/internmap-1.0.1.tgz",
      "integrity": "sha512-lDB5YccMydFBtasVtxnZ3MRBHuaoE8GKsppq+EchKL2U4nK/DmEpPHNH8MZe5HkMtpSiTSOZwfN0tzYjO/lJEw=="
    },
    "js-tokens": {
      "version": "4.0.0",
      "resolved": "https://registry.npmjs.org/js-tokens/-/js-tokens-4.0.0.tgz",
      "integrity": "sha512-RdJUflcE3cUzKiMqQgsCu06FPu9UdIJO0beYbPhHN4k6apgJtifcoCtT9bcxOpYBtpD2kCM6Sbzg4CausW/PKQ=="
    },
    "lodash.flattendeep": {
      "version": "4.4.0",
      "resolved": "https://registry.npmjs.org/lodash.flattendeep/-/lodash.flattendeep-4.4.0.tgz",
      "integrity": "sha1-+wMJF/hqMTTlvJvsDWngAT3f7bI="
    },
    "loose-envify": {
      "version": "1.4.0",
      "resolved": "https://registry.npmjs.org/loose-envify/-/loose-envify-1.4.0.tgz",
      "integrity": "sha512-lyuxPGr/Wfhrlem2CL/UcnUc1zcqKAImBDzukY7Y5F/yQiNdko6+fRLevlw1HgMySw7f611UIY408EtxRSoK3Q==",
      "requires": {
        "js-tokens": "^3.0.0 || ^4.0.0"
      }
    },
    "object-assign": {
      "version": "4.1.1",
      "resolved": "https://registry.npmjs.org/object-assign/-/object-assign-4.1.1.tgz",
      "integrity": "sha1-IQmtx5ZYh8/AXLvUQsrIv7s2CGM="
    },
    "prop-types": {
      "version": "15.8.1",
      "resolved": "https://registry.npmjs.org/prop-types/-/prop-types-15.8.1.tgz",
      "integrity": "sha512-oj87CgZICdulUohogVAR7AjlC0327U4el4L6eAvOqCeudMDVU0NThNaV+b9Df4dXgSP1gXMTnPdhfe/2qDH5cg==",
      "requires": {
        "loose-envify": "^1.4.0",
        "object-assign": "^4.1.1",
        "react-is": "^16.13.1"
      }
    },
    "react": {
      "version": "17.0.2",
      "resolved": "https://registry.npmjs.org/react/-/react-17.0.2.tgz",
      "integrity": "sha512-gnhPt75i/dq/z3/6q/0asP78D0u592D5L1pd7M8P+dck6Fu/jJeL6iVVK23fptSUZj8Vjf++7wXA8UNclGQcbA==",
      "peer": true,
      "requires": {
        "loose-envify": "^1.1.0",
        "object-assign": "^4.1.1"
      }
    },
    "react-dom": {
      "version": "17.0.2",
      "resolved": "https://registry.npmjs.org/react-dom/-/react-dom-17.0.2.tgz",
      "integrity": "sha512-s4h96KtLDUQlsENhMn1ar8t2bEa+q/YAtj8pPPdIjPDGBDIVNsrD9aXNWqspUe6AzKCIG0C1HZZLqLV7qpOBGA==",
      "peer": true,
      "requires": {
        "loose-envify": "^1.1.0",
        "object-assign": "^4.1.1",
        "scheduler": "^0.20.2"
      }
    },
    "react-financial-charts": {
      "version": "1.3.2",
      "resolved": "https://registry.npmjs.org/react-financial-charts/-/react-financial-charts-1.3.2.tgz",
      "integrity": "sha512-gBPdasfCI0H8fV3vij7zTkQME/uOz3V9AOKTO3il4V/w8emA8fc6TuCHG4ZHZF5fcw3sBs71qeeCzpJsxbgfnw==",
      "requires": {
        "@react-financial-charts/annotations": "^1.3.1",
        "@react-financial-charts/axes": "^1.3.1",
        "@react-financial-charts/coordinates": "^1.3.1",
        "@react-financial-charts/core": "^1.3.1",
        "@react-financial-charts/indicators": "^1.3.0",
        "@react-financial-charts/interactive": "^1.3.1",
        "@react-financial-charts/scales": "^1.3.1",
        "@react-financial-charts/series": "^1.3.2",
        "@react-financial-charts/tooltip": "^1.3.1",
        "@react-financial-charts/utils": "^1.3.0"
      }
    },
    "react-is": {
      "version": "16.13.1",
      "resolved": "https://registry.npmjs.org/react-is/-/react-is-16.13.1.tgz",
      "integrity": "sha512-24e6ynE2H+OKt4kqsOvNd8kBpV65zoxbA4BVsEOB3ARVWQki/DHzaUoC5KuON/BiccDaCCTZBuOcfZs70kR8bQ=="
    },
    "react-virtualized-auto-sizer": {
      "version": "1.0.6",
      "resolved": "https://registry.npmjs.org/react-virtualized-auto-sizer/-/react-virtualized-auto-sizer-1.0.6.tgz",
      "integrity": "sha512-7tQ0BmZqfVF6YYEWcIGuoR3OdYe8I/ZFbNclFlGOC3pMqunkYF/oL30NCjSGl9sMEb17AnzixDz98Kqc3N76HQ==",
      "requires": {}
    },
    "scheduler": {
      "version": "0.20.2",
      "resolved": "https://registry.npmjs.org/scheduler/-/scheduler-0.20.2.tgz",
      "integrity": "sha512-2eWfGgAqqWFGqtdMmcL5zCMK1U8KlXv8SQFGglL3CEtd0aDVDWgeF/YoCmvln55m5zSk3J/20hTaSBeSObsQDQ==",
      "peer": true,
      "requires": {
        "loose-envify": "^1.1.0",
        "object-assign": "^4.1.1"
      }
    },
    "typescript": {
      "version": "4.5.4",
      "resolved": "https://registry.npmjs.org/typescript/-/typescript-4.5.4.tgz",
      "integrity": "sha512-VgYs2A2QIRuGphtzFV7aQJduJ2gyfTljngLzjpfW9FoYZF6xuw1W0vW9ghCKLfcWrCFxK81CSGRAvS1pn4fIUg==",
      "dev": true
    }
  }
}
